# THIS IS AN AUTOGENERATED FILE. DO NOT EDIT THIS FILE DIRECTLY.
# yarn lockfile v1


bootstrap@3.3.7:
  version "3.3.7"
  resolved "https://registry.yarnpkg.com/bootstrap/-/bootstrap-3.3.7.tgz#5a389394549f23330875a3b150656574f8a9eb71"

hammerjs@^2.0.8:
  version "2.0.8"
  resolved "https://registry.yarnpkg.com/hammerjs/-/hammerjs-2.0.8.tgz#04ef77862cff2bb79d30f7692095930222bf60f1"

jquery@2.2.4:
  version "2.2.4"
  resolved "https://registry.yarnpkg.com/jquery/-/jquery-2.2.4.tgz#2c89d6889b5eac522a7eea32c14521559c6cbf02"

"jquery@^3.0.0 || ^2.1.4":
  version "3.3.1"
  resolved "https://registry.yarnpkg.com/jquery/-/jquery-3.3.1.tgz#958ce29e81c9790f31be7792df5d4d95fc57fbca"

materialize-css@^0.100.2:
  version "0.100.2"
  resolved "https://registry.yarnpkg.com/materialize-css/-/materialize-css-0.100.2.tgz#9ca32b24904c9a04491fc7d0a2e9402e7b1dae07"
  dependencies:
    hammerjs "^2.0.8"
    jquery "^3.0.0 || ^2.1.4"

reset-css@^3.0.0:
  version "3.0.0"
  resolved "https://registry.yarnpkg.com/reset-css/-/reset-css-3.0.0.tgz#9b421d34fefc6e5d5b915ee7bfd72b1bc19cfbb0"
